
Microsoft Visual Studio Solution File, Format Version 12.00
# Visual Studio Version 17
VisualStudioVersion = 17.8.34511.84
MinimumVisualStudioVersion = 10.0.40219.1
Project("{FAE04EC0-301F-11D3-BF4B-00C04F79EFBC}") = "ExamProjectWpfAPP", "ExamProjectWpfAPP\ExamProjectWpfAPP.csproj", "{834C6D16-A844-4FE4-9AE2-3732B228B580}"
EndProject
Global
	GlobalSection(SolutionConfigurationPlatforms) = preSolution
		Debug|Any CPU = Debug|Any CPU
		Release|Any CPU = Release|Any CPU
	EndGlobalSection
	GlobalSection(ProjectConfigurationPlatforms) = postSolution
		{834C6D16-A844-4FE4-9AE2-3732B228B580}.Debug|Any CPU.ActiveCfg = Debug|Any CPU
		{834C6D16-A844-4FE4-9AE2-3732B228B580}.Debug|Any CPU.Build.0 = Debug|Any CPU
		{834C6D16-A844-4FE4-9AE2-3732B228B580}.Release|Any CPU.ActiveCfg = Release|Any CPU
		{834C6D16-A844-4FE4-9AE2-3732B228B580}.Release|Any CPU.Build.0 = Release|Any CPU
	EndGlobalSection
	GlobalSection(SolutionProperties) = preSolution
		HideSolutionNode = FALSE
	EndGlobalSection
	GlobalSection(ExtensibilityGlobals) = postSolution
		SolutionGuid = {5D60AC1B-946B-418F-A68F-9AD8AD5B1411}
	EndGlobalSection
EndGlobal
